
Microsoft Visual Studio Solution File, Format Version 12.00
# Visual Studio Version 17
VisualStudioVersion = 17.13.35919.96 d17.13
MinimumVisualStudioVersion = 10.0.40219.1
Project("{FAE04EC0-301F-11D3-BF4B-00C04F79EFBC}") = "Horyzonty_Nauki.API", "Horyzonty_Nauki.API\Horyzonty_Nauki.API.csproj", "{21AD14FE-B4D9-4038-9839-841B9E5F5A7B}"
EndProject
Project("{FAE04EC0-301F-11D3-BF4B-00C04F79EFBC}") = "Horyzonty_Nauki.Domain", "Horyzonty_Nauki.Domain\Horyzonty_Nauki.Domain.csproj", "{EB4C881B-0C2A-463E-8A27-B031140D495B}"
EndProject
Project("{FAE04EC0-301F-11D3-BF4B-00C04F79EFBC}") = "Horyzonty_Nauki.Application", "Horyzonty_Nauki.Application\Horyzonty_Nauki.Application.csproj", "{E01CE999-7C71-4E49-8BAD-82710454927A}"
EndProject
Project("{FAE04EC0-301F-11D3-BF4B-00C04F79EFBC}") = "Horyzonty_Nauki.Infrastructure", "Horyzonty_Nauki.Infrastructure\Horyzonty_Nauki.Infrastructure.csproj", "{0C89169D-28A3-4175-9A31-FF2A95D90758}"
EndProject
Global
	GlobalSection(SolutionConfigurationPlatforms) = preSolution
		Debug|Any CPU = Debug|Any CPU
		Release|Any CPU = Release|Any CPU
	EndGlobalSection
	GlobalSection(ProjectConfigurationPlatforms) = postSolution
		{21AD14FE-B4D9-4038-9839-841B9E5F5A7B}.Debug|Any CPU.ActiveCfg = Debug|Any CPU
		{21AD14FE-B4D9-4038-9839-841B9E5F5A7B}.Debug|Any CPU.Build.0 = Debug|Any CPU
		{21AD14FE-B4D9-4038-9839-841B9E5F5A7B}.Release|Any CPU.ActiveCfg = Release|Any CPU
		{21AD14FE-B4D9-4038-9839-841B9E5F5A7B}.Release|Any CPU.Build.0 = Release|Any CPU
		{EB4C881B-0C2A-463E-8A27-B031140D495B}.Debug|Any CPU.ActiveCfg = Debug|Any CPU
		{EB4C881B-0C2A-463E-8A27-B031140D495B}.Debug|Any CPU.Build.0 = Debug|Any CPU
		{EB4C881B-0C2A-463E-8A27-B031140D495B}.Release|Any CPU.ActiveCfg = Release|Any CPU
		{EB4C881B-0C2A-463E-8A27-B031140D495B}.Release|Any CPU.Build.0 = Release|Any CPU
		{E01CE999-7C71-4E49-8BAD-82710454927A}.Debug|Any CPU.ActiveCfg = Debug|Any CPU
		{E01CE999-7C71-4E49-8BAD-82710454927A}.Debug|Any CPU.Build.0 = Debug|Any CPU
		{E01CE999-7C71-4E49-8BAD-82710454927A}.Release|Any CPU.ActiveCfg = Release|Any CPU
		{E01CE999-7C71-4E49-8BAD-82710454927A}.Release|Any CPU.Build.0 = Release|Any CPU
		{0C89169D-28A3-4175-9A31-FF2A95D90758}.Debug|Any CPU.ActiveCfg = Debug|Any CPU
		{0C89169D-28A3-4175-9A31-FF2A95D90758}.Debug|Any CPU.Build.0 = Debug|Any CPU
		{0C89169D-28A3-4175-9A31-FF2A95D90758}.Release|Any CPU.ActiveCfg = Release|Any CPU
		{0C89169D-28A3-4175-9A31-FF2A95D90758}.Release|Any CPU.Build.0 = Release|Any CPU
	EndGlobalSection
	GlobalSection(SolutionProperties) = preSolution
		HideSolutionNode = FALSE
	EndGlobalSection
	GlobalSection(ExtensibilityGlobals) = postSolution
		SolutionGuid = {F2FBE16F-7CA0-4740-A401-853CB736A218}
	EndGlobalSection
EndGlobal
